// !$*UTF8*$!
{
	archiveVersion = 1;
	classes = {
	};
	objectVersion = 55;
	objects = {

/* Begin PBXBuildFile section */
		98C1B7B7272A4421004B2874 /* main.cpp in Sources */ = {isa = PBXBuildFile; fileRef = 98C1B7B6272A4421004B2874 /* main.cpp */; };
		98CAC88D279157630024AD31 /* pip_checksum.cpp in Sources */ = {isa = PBXBuildFile; fileRef = 98CAC87A279157630024AD31 /* pip_checksum.cpp */; };
		98CAC88E279157630024AD31 /* pip_udp.cpp in Sources */ = {isa = PBXBuildFile; fileRef = 98CAC884279157630024AD31 /* pip_udp.cpp */; };
		98CAC88F279157630024AD31 /* pip_icmp.cpp in Sources */ = {isa = PBXBuildFile; fileRef = 98CAC885279157630024AD31 /* pip_icmp.cpp */; };
		98CAC890279157630024AD31 /* pip_tcp.cpp in Sources */ = {isa = PBXBuildFile; fileRef = 98CAC886279157630024AD31 /* pip_tcp.cpp */; };
		98CAC891279157630024AD31 /* pip_buf.cpp in Sources */ = {isa = PBXBuildFile; fileRef = 98CAC888279157630024AD31 /* pip_buf.cpp */; };
		98CAC892279157630024AD31 /* pip_netif.cpp in Sources */ = {isa = PBXBuildFile; fileRef = 98CAC889279157630024AD31 /* pip_netif.cpp */; };
		98CAC893279157630024AD31 /* pip_debug.cpp in Sources */ = {isa = PBXBuildFile; fileRef = 98CAC88B279157630024AD31 /* pip_debug.cpp */; };
		98F843D72795116400452040 /* pip_ip_header.cpp in Sources */ = {isa = PBXBuildFile; fileRef = 98F843D52795116400452040 /* pip_ip_header.cpp */; };
/* End PBXBuildFile section */

/* Begin PBXCopyFilesBuildPhase section */
		98C1B7B1272A4421004B2874 /* CopyFiles */ = {
			isa = PBXCopyFilesBuildPhase;
			buildActionMask = 2147483647;
			dstPath = /usr/share/man/man1/;
			dstSubfolderSpec = 0;
			files = (
			);
			runOnlyForDeploymentPostprocessing = 1;
		};
/* End PBXCopyFilesBuildPhase section */

/* Begin PBXFileReference section */
		98C1B7B3272A4421004B2874 /* example */ = {isa = PBXFileReference; explicitFileType = "compiled.mach-o.executable"; includeInIndex = 0; path = example; sourceTree = BUILT_PRODUCTS_DIR; };
		98C1B7B6272A4421004B2874 /* main.cpp */ = {isa = PBXFileReference; lastKnownFileType = sourcecode.cpp.cpp; path = main.cpp; sourceTree = "<group>"; };
		98CAC87A279157630024AD31 /* pip_checksum.cpp */ = {isa = PBXFileReference; fileEncoding = 4; lastKnownFileType = sourcecode.cpp.cpp; path = pip_checksum.cpp; sourceTree = "<group>"; };
		98CAC87B279157630024AD31 /* pip_type.hpp */ = {isa = PBXFileReference; fileEncoding = 4; lastKnownFileType = sourcecode.cpp.h; path = pip_type.hpp; sourceTree = "<group>"; };
		98CAC87C279157630024AD31 /* pip_debug.hpp */ = {isa = PBXFileReference; fileEncoding = 4; lastKnownFileType = sourcecode.cpp.h; path = pip_debug.hpp; sourceTree = "<group>"; };
		98CAC87D279157630024AD31 /* pip_queue.hpp */ = {isa = PBXFileReference; fileEncoding = 4; lastKnownFileType = sourcecode.cpp.h; path = pip_queue.hpp; sourceTree = "<group>"; };
		98CAC87E279157630024AD31 /* pip_opt.hpp */ = {isa = PBXFileReference; fileEncoding = 4; lastKnownFileType = sourcecode.cpp.h; path = pip_opt.hpp; sourceTree = "<group>"; };
		98CAC87F279157630024AD31 /* pip_buf.hpp */ = {isa = PBXFileReference; fileEncoding = 4; lastKnownFileType = sourcecode.cpp.h; path = pip_buf.hpp; sourceTree = "<group>"; };
		98CAC881279157630024AD31 /* pip_udp.hpp */ = {isa = PBXFileReference; fileEncoding = 4; lastKnownFileType = sourcecode.cpp.h; path = pip_udp.hpp; sourceTree = "<group>"; };
		98CAC882279157630024AD31 /* pip_icmp.hpp */ = {isa = PBXFileReference; fileEncoding = 4; lastKnownFileType = sourcecode.cpp.h; path = pip_icmp.hpp; sourceTree = "<group>"; };
		98CAC883279157630024AD31 /* pip_tcp.hpp */ = {isa = PBXFileReference; fileEncoding = 4; lastKnownFileType = sourcecode.cpp.h; path = pip_tcp.hpp; sourceTree = "<group>"; };
		98CAC884279157630024AD31 /* pip_udp.cpp */ = {isa = PBXFileReference; fileEncoding = 4; lastKnownFileType = sourcecode.cpp.cpp; path = pip_udp.cpp; sourceTree = "<group>"; };
		98CAC885279157630024AD31 /* pip_icmp.cpp */ = {isa = PBXFileReference; fileEncoding = 4; lastKnownFileType = sourcecode.cpp.cpp; path = pip_icmp.cpp; sourceTree = "<group>"; };
		98CAC886279157630024AD31 /* pip_tcp.cpp */ = {isa = PBXFileReference; fileEncoding = 4; lastKnownFileType = sourcecode.cpp.cpp; path = pip_tcp.cpp; sourceTree = "<group>"; };
		98CAC887279157630024AD31 /* pip_netif.hpp */ = {isa = PBXFileReference; fileEncoding = 4; lastKnownFileType = sourcecode.cpp.h; path = pip_netif.hpp; sourceTree = "<group>"; };
		98CAC888279157630024AD31 /* pip_buf.cpp */ = {isa = PBXFileReference; fileEncoding = 4; lastKnownFileType = sourcecode.cpp.cpp; path = pip_buf.cpp; sourceTree = "<group>"; };
		98CAC889279157630024AD31 /* pip_netif.cpp */ = {isa = PBXFileReference; fileEncoding = 4; lastKnownFileType = sourcecode.cpp.cpp; path = pip_netif.cpp; sourceTree = "<group>"; };
		98CAC88A279157630024AD31 /* pip_checksum.hpp */ = {isa = PBXFileReference; fileEncoding = 4; lastKnownFileType = sourcecode.cpp.h; path = pip_checksum.hpp; sourceTree = "<group>"; };
		98CAC88B279157630024AD31 /* pip_debug.cpp */ = {isa = PBXFileReference; fileEncoding = 4; lastKnownFileType = sourcecode.cpp.cpp; path = pip_debug.cpp; sourceTree = "<group>"; };
		98CAC88C279157630024AD31 /* pip.hpp */ = {isa = PBXFileReference; fileEncoding = 4; lastKnownFileType = sourcecode.cpp.h; path = pip.hpp; sourceTree = "<group>"; };
		98F843D52795116400452040 /* pip_ip_header.cpp */ = {isa = PBXFileReference; fileEncoding = 4; lastKnownFileType = sourcecode.cpp.cpp; path = pip_ip_header.cpp; sourceTree = "<group>"; };
		98F843D62795116400452040 /* pip_ip_header.hpp */ = {isa = PBXFileReference; fileEncoding = 4; lastKnownFileType = sourcecode.cpp.h; path = pip_ip_header.hpp; sourceTree = "<group>"; };
/* End PBXFileReference section */

/* Begin PBXFrameworksBuildPhase section */
		98C1B7B0272A4421004B2874 /* Frameworks */ = {
			isa = PBXFrameworksBuildPhase;
			buildActionMask = 2147483647;
			files = (
			);
			runOnlyForDeploymentPostprocessing = 0;
		};
/* End PBXFrameworksBuildPhase section */

/* Begin PBXGroup section */
		98C1B7AA272A4421004B2874 = {
			isa = PBXGroup;
			children = (
				98CAC879279157630024AD31 /* pip */,
				98C1B7B5272A4421004B2874 /* example */,
				98C1B7B4272A4421004B2874 /* Products */,
			);
			sourceTree = "<group>";
		};
		98C1B7B4272A4421004B2874 /* Products */ = {
			isa = PBXGroup;
			children = (
				98C1B7B3272A4421004B2874 /* example */,
			);
			name = Products;
			sourceTree = "<group>";
		};
		98C1B7B5272A4421004B2874 /* example */ = {
			isa = PBXGroup;
			children = (
				98C1B7B6272A4421004B2874 /* main.cpp */,
			);
			path = example;
			sourceTree = "<group>";
		};
		98CAC879279157630024AD31 /* pip */ = {
			isa = PBXGroup;
			children = (
				98CAC888279157630024AD31 /* pip_buf.cpp */,
				98CAC87F279157630024AD31 /* pip_buf.hpp */,
				98CAC87A279157630024AD31 /* pip_checksum.cpp */,
				98CAC88A279157630024AD31 /* pip_checksum.hpp */,
				98CAC88B279157630024AD31 /* pip_debug.cpp */,
				98CAC87C279157630024AD31 /* pip_debug.hpp */,
				98F843D52795116400452040 /* pip_ip_header.cpp */,
				98F843D62795116400452040 /* pip_ip_header.hpp */,
				98CAC889279157630024AD31 /* pip_netif.cpp */,
				98CAC887279157630024AD31 /* pip_netif.hpp */,
				98CAC87E279157630024AD31 /* pip_opt.hpp */,
				98CAC87D279157630024AD31 /* pip_queue.hpp */,
				98CAC87B279157630024AD31 /* pip_type.hpp */,
				98CAC88C279157630024AD31 /* pip.hpp */,
				98CAC880279157630024AD31 /* protocol */,
			);
			name = pip;
			path = ../pip;
			sourceTree = "<group>";
		};
		98CAC880279157630024AD31 /* protocol */ = {
			isa = PBXGroup;
			children = (
				98CAC885279157630024AD31 /* pip_icmp.cpp */,
				98CAC882279157630024AD31 /* pip_icmp.hpp */,
				98CAC886279157630024AD31 /* pip_tcp.cpp */,
				98CAC883279157630024AD31 /* pip_tcp.hpp */,
				98CAC884279157630024AD31 /* pip_udp.cpp */,
				98CAC881279157630024AD31 /* pip_udp.hpp */,
			);
			path = protocol;
			sourceTree = "<group>";
		};
/* End PBXGroup section */

/* Begin PBXNativeTarget section */
		98C1B7B2272A4421004B2874 /* example */ = {
			isa = PBXNativeTarget;
			buildConfigurationList = 98C1B7BA272A4421004B2874 /* Build configuration list for PBXNativeTarget "example" */;
			buildPhases = (
				98C1B7AF272A4421004B2874 /* Sources */,
				98C1B7B0272A4421004B2874 /* Frameworks */,
				98C1B7B1272A4421004B2874 /* CopyFiles */,
			);
			buildRules = (
			);
			dependencies = (
			);
			name = example;
			productName = example;
			productReference = 98C1B7B3272A4421004B2874 /* example */;
			productType = "com.apple.product-type.tool";
		};
/* End PBXNativeTarget section */

/* Begin PBXProject section */
		98C1B7AB272A4421004B2874 /* Project object */ = {
			isa = PBXProject;
			attributes = {
				BuildIndependentTargetsInParallel = 1;
				LastUpgradeCheck = 1300;
				ORGANIZATIONNAME = Plumk;
				TargetAttributes = {
					98C1B7B2272A4421004B2874 = {
						CreatedOnToolsVersion = 13.0;
					};
				};
			};
			buildConfigurationList = 98C1B7AE272A4421004B2874 /* Build configuration list for PBXProject "example" */;
			compatibilityVersion = "Xcode 13.0";
			developmentRegion = en;
			hasScannedForEncodings = 0;
			knownRegions = (
				en,
				Base,
			);
			mainGroup = 98C1B7AA272A4421004B2874;
			productRefGroup = 98C1B7B4272A4421004B2874 /* Products */;
			projectDirPath = "";
			projectRoot = "";
			targets = (
				98C1B7B2272A4421004B2874 /* example */,
			);
		};
/* End PBXProject section */

/* Begin PBXSourcesBuildPhase section */
		98C1B7AF272A4421004B2874 /* Sources */ = {
			isa = PBXSourcesBuildPhase;
			buildActionMask = 2147483647;
			files = (
				98CAC892279157630024AD31 /* pip_netif.cpp in Sources */,
				98CAC88E279157630024AD31 /* pip_udp.cpp in Sources */,
				98CAC890279157630024AD31 /* pip_tcp.cpp in Sources */,
				98CAC88D279157630024AD31 /* pip_checksum.cpp in Sources */,
				98CAC891279157630024AD31 /* pip_buf.cpp in Sources */,
				98CAC893279157630024AD31 /* pip_debug.cpp in Sources */,
				98CAC88F279157630024AD31 /* pip_icmp.cpp in Sources */,
				98C1B7B7272A4421004B2874 /* main.cpp in Sources */,
				98F843D72795116400452040 /* pip_ip_header.cpp in Sources */,
			);
			runOnlyForDeploymentPostprocessing = 0;
		};
/* End PBXSourcesBuildPhase section */

/* Begin XCBuildConfiguration section */
		98C1B7B8272A4421004B2874 /* Debug */ = {
			isa = XCBuildConfiguration;
			buildSettings = {
				ALWAYS_SEARCH_USER_PATHS = NO;
				CLANG_ANALYZER_NONNULL = YES;
				CLANG_ANALYZER_NUMBER_OBJECT_CONVERSION = YES_AGGRESSIVE;
				CLANG_CXX_LANGUAGE_STANDARD = "gnu++17";
				CLANG_CXX_LIBRARY = "libc++";
				CLANG_ENABLE_MODULES = YES;
				CLANG_ENABLE_OBJC_ARC = YES;
				CLANG_ENABLE_OBJC_WEAK = YES;
				CLANG_WARN_BLOCK_CAPTURE_AUTORELEASING = YES;
				CLANG_WARN_BOOL_CONVERSION = YES;
				CLANG_WARN_COMMA = YES;
				CLANG_WARN_CONSTANT_CONVERSION = YES;
				CLANG_WARN_DEPRECATED_OBJC_IMPLEMENTATIONS = YES;
				CLANG_WARN_DIRECT_OBJC_ISA_USAGE = YES_ERROR;
				CLANG_WARN_DOCUMENTATION_COMMENTS = YES;
				CLANG_WARN_EMPTY_BODY = YES;
				CLANG_WARN_ENUM_CONVERSION = YES;
				CLANG_WARN_INFINITE_RECURSION = YES;
				CLANG_WARN_INT_CONVERSION = YES;
				CLANG_WARN_NON_LITERAL_NULL_CONVERSION = YES;
				CLANG_WARN_OBJC_IMPLICIT_RETAIN_SELF = YES;
				CLANG_WARN_OBJC_LITERAL_CONVERSION = YES;
				CLANG_WARN_OBJC_ROOT_CLASS = YES_ERROR;
				CLANG_WARN_QUOTED_INCLUDE_IN_FRAMEWORK_HEADER = YES;
				CLANG_WARN_RANGE_LOOP_ANALYSIS = YES;
				CLANG_WARN_STRICT_PROTOTYPES = YES;
				CLANG_WARN_SUSPICIOUS_MOVE = YES;
				CLANG_WARN_UNGUARDED_AVAILABILITY = YES_AGGRESSIVE;
				CLANG_WARN_UNREACHABLE_CODE = YES;
				CLANG_WARN__DUPLICATE_METHOD_MATCH = YES;
				COPY_PHASE_STRIP = NO;
				DEBUG_INFORMATION_FORMAT = dwarf;
				ENABLE_STRICT_OBJC_MSGSEND = YES;
				ENABLE_TESTABILITY = YES;
				GCC_C_LANGUAGE_STANDARD = gnu11;
				GCC_DYNAMIC_NO_PIC = NO;
				GCC_NO_COMMON_BLOCKS = YES;
				GCC_OPTIMIZATION_LEVEL = 0;
				GCC_PREPROCESSOR_DEFINITIONS = (
					"DEBUG=1",
					"$(inherited)",
				);
				GCC_WARN_64_TO_32_BIT_CONVERSION = YES;
				GCC_WARN_ABOUT_RETURN_TYPE = YES_ERROR;
				GCC_WARN_UNDECLARED_SELECTOR = YES;
				GCC_WARN_UNINITIALIZED_AUTOS = YES_AGGRESSIVE;
				GCC_WARN_UNUSED_FUNCTION = YES;
				GCC_WARN_UNUSED_VARIABLE = YES;
				MACOSX_DEPLOYMENT_TARGET = 11.3;
				MTL_ENABLE_DEBUG_INFO = INCLUDE_SOURCE;
				MTL_FAST_MATH = YES;
				ONLY_ACTIVE_ARCH = YES;
				SDKROOT = macosx;
			};
			name = Debug;
		};
		98C1B7B9272A4421004B2874 /* Release */ = {
			isa = XCBuildConfiguration;
			buildSettings = {
				ALWAYS_SEARCH_USER_PATHS = NO;
				CLANG_ANALYZER_NONNULL = YES;
				CLANG_ANALYZER_NUMBER_OBJECT_CONVERSION = YES_AGGRESSIVE;
				CLANG_CXX_LANGUAGE_STANDARD = "gnu++17";
				CLANG_CXX_LIBRARY = "libc++";
				CLANG_ENABLE_MODULES = YES;
				CLANG_ENABLE_OBJC_ARC = YES;
				CLANG_ENABLE_OBJC_WEAK = YES;
				CLANG_WARN_BLOCK_CAPTURE_AUTORELEASING = YES;
				CLANG_WARN_BOOL_CONVERSION = YES;
				CLANG_WARN_COMMA = YES;
				CLANG_WARN_CONSTANT_CONVERSION = YES;
				CLANG_WARN_DEPRECATED_OBJC_IMPLEMENTATIONS = YES;
				CLANG_WARN_DIRECT_OBJC_ISA_USAGE = YES_ERROR;
				CLANG_WARN_DOCUMENTATION_COMMENTS = YES;
				CLANG_WARN_EMPTY_BODY = YES;
				CLANG_WARN_ENUM_CONVERSION = YES;
				CLANG_WARN_INFINITE_RECURSION = YES;
				CLANG_WARN_INT_CONVERSION = YES;
				CLANG_WARN_NON_LITERAL_NULL_CONVERSION = YES;
				CLANG_WARN_OBJC_IMPLICIT_RETAIN_SELF = YES;
				CLANG_WARN_OBJC_LITERAL_CONVERSION = YES;
				CLANG_WARN_OBJC_ROOT_CLASS = YES_ERROR;
				CLANG_WARN_QUOTED_INCLUDE_IN_FRAMEWORK_HEADER = YES;
				CLANG_WARN_RANGE_LOOP_ANALYSIS = YES;
				CLANG_WARN_STRICT_PROTOTYPES = YES;
				CLANG_WARN_SUSPICIOUS_MOVE = YES;
				CLANG_WARN_UNGUARDED_AVAILABILITY = YES_AGGRESSIVE;
				CLANG_WARN_UNREACHABLE_CODE = YES;
				CLANG_WARN__DUPLICATE_METHOD_MATCH = YES;
				COPY_PHASE_STRIP = NO;
				DEBUG_INFORMATION_FORMAT = "dwarf-with-dsym";
				ENABLE_NS_ASSERTIONS = NO;
				ENABLE_STRICT_OBJC_MSGSEND = YES;
				GCC_C_LANGUAGE_STANDARD = gnu11;
				GCC_NO_COMMON_BLOCKS = YES;
				GCC_WARN_64_TO_32_BIT_CONVERSION = YES;
				GCC_WARN_ABOUT_RETURN_TYPE = YES_ERROR;
				GCC_WARN_UNDECLARED_SELECTOR = YES;
				GCC_WARN_UNINITIALIZED_AUTOS = YES_AGGRESSIVE;
				GCC_WARN_UNUSED_FUNCTION = YES;
				GCC_WARN_UNUSED_VARIABLE = YES;
				MACOSX_DEPLOYMENT_TARGET = 11.3;
				MTL_ENABLE_DEBUG_INFO = NO;
				MTL_FAST_MATH = YES;
				SDKROOT = macosx;
			};
			name = Release;
		};
		98C1B7BB272A4421004B2874 /* Debug */ = {
			isa = XCBuildConfiguration;
			buildSettings = {
				CODE_SIGN_STYLE = Automatic;
				PRODUCT_NAME = "$(TARGET_NAME)";
			};
			name = Debug;
		};
		98C1B7BC272A4421004B2874 /* Release */ = {
			isa = XCBuildConfiguration;
			buildSettings = {
				CODE_SIGN_STYLE = Automatic;
				PRODUCT_NAME = "$(TARGET_NAME)";
			};
			name = Release;
		};
/* End XCBuildConfiguration section */

/* Begin XCConfigurationList section */
		98C1B7AE272A4421004B2874 /* Build configuration list for PBXProject "example" */ = {
			isa = XCConfigurationList;
			buildConfigurations = (
				98C1B7B8272A4421004B2874 /* Debug */,
				98C1B7B9272A4421004B2874 /* Release */,
			);
			defaultConfigurationIsVisible = 0;
			defaultConfigurationName = Release;
		};
		98C1B7BA272A4421004B2874 /* Build configuration list for PBXNativeTarget "example" */ = {
			isa = XCConfigurationList;
			buildConfigurations = (
				98C1B7BB272A4421004B2874 /* Debug */,
				98C1B7BC272A4421004B2874 /* Release */,
			);
			defaultConfigurationIsVisible = 0;
			defaultConfigurationName = Release;
		};
/* End XCConfigurationList section */
	};
	rootObject = 98C1B7AB272A4421004B2874 /* Project object */;
}
